<?xml version="1.0" encoding="UTF-8" standalone="yes" ?>
<CodeBlocks_project_file>
	<FileVersion major="1" minor="6" />
	<Project>
		<Option title="RPG" />
		<Option pch_mode="2" />
		<Option compiler="gcc" />
		<Build>
			<Target title="Debug">
				<Option output="bin/Debug/RPG" prefix_auto="1" extension_auto="1" />
				<Option object_output="obj/Debug/" />
				<Option type="1" />
				<Option compiler="gcc" />
				<Compiler>
					<Add option="-std=c++14" />
					<Add option="-g" />
				</Compiler>
				<Linker>
					<Add library="sfml-graphics-d" />
					<Add library="sfml-window-d" />
					<Add library="sfml-system-d" />
					<Add library="sfml-audio-d" />
				</Linker>
			</Target>
			<Target title="Release">
				<Option output="bin/Release/RPG" prefix_auto="1" extension_auto="1" />
				<Option object_output="obj/Release/" />
				<Option type="0" />
				<Option compiler="gcc" />
				<Compiler>
					<Add option="-O2" />
					<Add option="-std=c++14" />
				</Compiler>
				<Linker>
					<Add option="-s" />
					<Add library="sfml-graphics" />
					<Add library="sfml-window" />
					<Add library="sfml-system" />
					<Add library="sfml-audio" />
				</Linker>
			</Target>
		</Build>
		<Compiler>
			<Add option="-Wall" />
			<Add option="-std=c++14" />
		</Compiler>
		<Linker>
			<Add library="mingw32" />
			<Add library="user32" />
			<Add library="gdi32" />
			<Add library="winmm" />
			<Add library="dxguid" />
			<Add library="sfml-graphics" />
			<Add library="sfml-audio" />
		</Linker>
		<Unit filename="AssetManager.cpp" />
		<Unit filename="AssetManager.hpp" />
		<Unit filename="DEFINITIONS.hpp" />
		<Unit filename="Flash.cpp" />
		<Unit filename="Flash.hpp" />
		<Unit filename="Game.cpp" />
		<Unit filename="Game.hpp" />
		<Unit filename="GameOverState.cpp" />
		<Unit filename="GameOverState.hpp" />
		<Unit filename="GameState.cpp" />
		<Unit filename="GameState.hpp" />
		<Unit filename="Hero.cpp" />
		<Unit filename="Hero.hpp" />
		<Unit filename="InputManager.cpp" />
		<Unit filename="InputManager.hpp" />
		<Unit filename="MainMenuState.cpp" />
		<Unit filename="MainMenuState.hpp" />
		<Unit filename="Platform.cpp" />
		<Unit filename="Platform.hpp" />
		<Unit filename="Resources/blur.frag" />
		<Unit filename="SplashState.cpp" />
		<Unit filename="SplashState.hpp" />
		<Unit filename="State.hpp" />
		<Unit filename="StateMachine.cpp" />
		<Unit filename="StateMachine.hpp" />
		<Unit filename="Stick.cpp" />
		<Unit filename="Stick.hpp" />
		<Unit filename="icon.rc">
			<Option compilerVar="WINDRES" />
		</Unit>
		<Unit filename="main.cpp" />
		<Extensions>
			<code_completion />
			<envvars />
			<debugger />
			<lib_finder disable_auto="1" />
		</Extensions>
	</Project>
</CodeBlocks_project_file>
